<?xml version="1.0" encoding="utf-8"?>
<Project ToolsVersion="4.0" xmlns="http://schemas.microsoft.com/developer/msbuild/2003">
  <ItemGroup>
    <Filter Include="源文件">
      <UniqueIdentifier>{4FC737F1-C7A5-4376-A066-2A32D752A2FF}</UniqueIdentifier>
      <Extensions>cpp;c;cc;cxx;def;odl;idl;hpj;bat;asm;asmx</Extensions>
    </Filter>
    <Filter Include="头文件">
      <UniqueIdentifier>{93995380-89BD-4b04-88EB-625FBE52EBFB}</UniqueIdentifier>
      <Extensions>h;hpp;hxx;hm;inl;inc;xsd</Extensions>
    </Filter>
    <Filter Include="资源文件">
      <UniqueIdentifier>{67DA6AB6-F800-4c08-8B7A-83BB121AAD01}</UniqueIdentifier>
      <Extensions>rc;ico;cur;bmp;dlg;rc2;rct;bin;rgs;gif;jpg;jpeg;jpe;resx;tiff;tif;png;wav;mfcribbon-ms</Extensions>
    </Filter>
    <Filter Include="xmllite">
      <UniqueIdentifier>{bb346262-f82a-48c4-8818-aaeb206dca0d}</UniqueIdentifier>
    </Filter>
    <Filter Include="password">
      <UniqueIdentifier>{be4a314d-92c2-4630-a226-33c1ef409d91}</UniqueIdentifier>
    </Filter>
  </ItemGroup>
  <ItemGroup>
    <None Include="ReadMe.txt" />
  </ItemGroup>
  <ItemGroup>
    <ClInclude Include="stdafx.h">
      <Filter>头文件</Filter>
    </ClInclude>
    <ClInclude Include="targetver.h">
      <Filter>头文件</Filter>
    </ClInclude>
    <ClInclude Include="xmppauth.h">
      <Filter>头文件</Filter>
    </ClInclude>
    <ClInclude Include="xmpppump.h">
      <Filter>头文件</Filter>
    </ClInclude>
    <ClInclude Include="xmppsocket.h">
      <Filter>头文件</Filter>
    </ClInclude>
    <ClInclude Include="xmppthread.h">
      <Filter>头文件</Filter>
    </ClInclude>
    <ClInclude Include="..\..\xmllite\qname.h">
      <Filter>xmllite</Filter>
    </ClInclude>
    <ClInclude Include="..\..\xmllite\xmlbuilder.h">
      <Filter>xmllite</Filter>
    </ClInclude>
    <ClInclude Include="..\..\xmllite\xmlconstants.h">
      <Filter>xmllite</Filter>
    </ClInclude>
    <ClInclude Include="..\..\xmllite\xmlelement.h">
      <Filter>xmllite</Filter>
    </ClInclude>
    <ClInclude Include="..\..\xmllite\xmlnsstack.h">
      <Filter>xmllite</Filter>
    </ClInclude>
    <ClInclude Include="..\..\xmllite\xmlparser.h">
      <Filter>xmllite</Filter>
    </ClInclude>
    <ClInclude Include="..\..\xmllite\xmlprinter.h">
      <Filter>xmllite</Filter>
    </ClInclude>
    <ClInclude Include="..\..\..\..\LibJingle\InsecurePassword.h">
      <Filter>password</Filter>
    </ClInclude>
  </ItemGroup>
  <ItemGroup>
    <ClCompile Include="stdafx.cpp">
      <Filter>源文件</Filter>
    </ClCompile>
    <ClCompile Include="login_main.cc">
      <Filter>源文件</Filter>
    </ClCompile>
    <ClCompile Include="xmppauth.cc">
      <Filter>源文件</Filter>
    </ClCompile>
    <ClCompile Include="xmpppump.cc">
      <Filter>源文件</Filter>
    </ClCompile>
    <ClCompile Include="xmppsocket.cc">
      <Filter>源文件</Filter>
    </ClCompile>
    <ClCompile Include="xmppthread.cc">
      <Filter>源文件</Filter>
    </ClCompile>
    <ClCompile Include="..\..\xmllite\qname.cc">
      <Filter>xmllite</Filter>
    </ClCompile>
    <ClCompile Include="..\..\xmllite\xmlbuilder.cc">
      <Filter>xmllite</Filter>
    </ClCompile>
    <ClCompile Include="..\..\xmllite\xmlconstants.cc">
      <Filter>xmllite</Filter>
    </ClCompile>
    <ClCompile Include="..\..\xmllite\xmlelement.cc">
      <Filter>xmllite</Filter>
    </ClCompile>
    <ClCompile Include="..\..\xmllite\xmlnsstack.cc">
      <Filter>xmllite</Filter>
    </ClCompile>
    <ClCompile Include="..\..\xmllite\xmlparser.cc">
      <Filter>xmllite</Filter>
    </ClCompile>
    <ClCompile Include="..\..\xmllite\xmlprinter.cc">
      <Filter>xmllite</Filter>
    </ClCompile>
    <ClCompile Include="..\..\..\..\LibJingle\InsecurePassword.cpp">
      <Filter>password</Filter>
    </ClCompile>
  </ItemGroup>
</Project>