
Microsoft Visual Studio Solution File, Format Version 11.00
# Visual Studio 2010
Project("{8BC9CEB8-8B4A-11D0-8D11-00A0C91BC942}") = "MyJingle", "LibJingle\MyJingle.vcxproj", "{BFD08AB1-CBED-4887-A992-C51E95A574FB}"
EndProject
Project("{8BC9CEB8-8B4A-11D0-8D11-00A0C91BC942}") = "libjingle", "References\talk\libjingle.vcxproj", "{DC948D76-8503-490C-A07D-11044004FCE3}"
EndProject
Project("{54435603-DBB4-11D2-8724-00A0C9A8B90C}") = "Setup", "Setup\Setup.vdproj", "{422EBE91-EB65-4AE9-941D-6329F4970393}"
	ProjectSection(ProjectDependencies) = postProject
		{B68A9921-9A89-4070-830B-CC7CA29B4232} = {B68A9921-9A89-4070-830B-CC7CA29B4232}
		{DC948D76-8503-490C-A07D-11044004FCE3} = {DC948D76-8503-490C-A07D-11044004FCE3}
	EndProjectSection
EndProject
Project("{8BC9CEB8-8B4A-11D0-8D11-00A0C91BC942}") = "MouseHook", "MouseHook\MouseHook.vcxproj", "{B68A9921-9A89-4070-830B-CC7CA29B4232}"
EndProject
Global
	GlobalSection(SolutionConfigurationPlatforms) = preSolution
		Debug|Win32 = Debug|Win32
		Release|Win32 = Release|Win32
	EndGlobalSection
	GlobalSection(ProjectConfigurationPlatforms) = postSolution
		{BFD08AB1-CBED-4887-A992-C51E95A574FB}.Debug|Win32.ActiveCfg = Debug|Win32
		{BFD08AB1-CBED-4887-A992-C51E95A574FB}.Debug|Win32.Build.0 = Debug|Win32
		{BFD08AB1-CBED-4887-A992-C51E95A574FB}.Release|Win32.ActiveCfg = Release|Win32
		{BFD08AB1-CBED-4887-A992-C51E95A574FB}.Release|Win32.Build.0 = Release|Win32
		{DC948D76-8503-490C-A07D-11044004FCE3}.Debug|Win32.ActiveCfg = Debug|Win32
		{DC948D76-8503-490C-A07D-11044004FCE3}.Debug|Win32.Build.0 = Debug|Win32
		{DC948D76-8503-490C-A07D-11044004FCE3}.Release|Win32.ActiveCfg = Release|Win32
		{DC948D76-8503-490C-A07D-11044004FCE3}.Release|Win32.Build.0 = Release|Win32
		{422EBE91-EB65-4AE9-941D-6329F4970393}.Debug|Win32.ActiveCfg = Debug
		{422EBE91-EB65-4AE9-941D-6329F4970393}.Release|Win32.ActiveCfg = Release
		{B68A9921-9A89-4070-830B-CC7CA29B4232}.Debug|Win32.ActiveCfg = Debug|Win32
		{B68A9921-9A89-4070-830B-CC7CA29B4232}.Debug|Win32.Build.0 = Debug|Win32
		{B68A9921-9A89-4070-830B-CC7CA29B4232}.Release|Win32.ActiveCfg = Release|Win32
		{B68A9921-9A89-4070-830B-CC7CA29B4232}.Release|Win32.Build.0 = Release|Win32
	EndGlobalSection
	GlobalSection(SolutionProperties) = preSolution
		HideSolutionNode = FALSE
	EndGlobalSection
EndGlobal
