<?xml version="1.0" encoding="utf-8"?>
<Project ToolsVersion="4.0" xmlns="http://schemas.microsoft.com/developer/msbuild/2003">
  <ItemGroup>
    <Filter Include="源文件">
      <UniqueIdentifier>{4FC737F1-C7A5-4376-A066-2A32D752A2FF}</UniqueIdentifier>
      <Extensions>cpp;c;cc;cxx;def;odl;idl;hpj;bat;asm;asmx</Extensions>
    </Filter>
    <Filter Include="头文件">
      <UniqueIdentifier>{93995380-89BD-4b04-88EB-625FBE52EBFB}</UniqueIdentifier>
      <Extensions>h;hpp;hxx;hm;inl;inc;xsd</Extensions>
    </Filter>
    <Filter Include="资源文件">
      <UniqueIdentifier>{67DA6AB6-F800-4c08-8B7A-83BB121AAD01}</UniqueIdentifier>
      <Extensions>rc;ico;cur;bmp;dlg;rc2;rct;bin;rgs;gif;jpg;jpeg;jpe;resx;tiff;tif;png;wav;mfcribbon-ms</Extensions>
    </Filter>
  </ItemGroup>
  <ItemGroup>
    <None Include="ReadMe.txt" />
    <None Include="res\SoundTestTool.rc2">
      <Filter>资源文件</Filter>
    </None>
    <None Include="res\SoundTestTool.ico">
      <Filter>资源文件</Filter>
    </None>
    <None Include="SoundTestTool.aps" />
  </ItemGroup>
  <ItemGroup>
    <ClInclude Include="SoundTestTool.h">
      <Filter>头文件</Filter>
    </ClInclude>
    <ClInclude Include="SoundTestToolDlg.h">
      <Filter>头文件</Filter>
    </ClInclude>
    <ClInclude Include="stdafx.h">
      <Filter>头文件</Filter>
    </ClInclude>
    <ClInclude Include="targetver.h">
      <Filter>头文件</Filter>
    </ClInclude>
    <ClInclude Include="Resource.h">
      <Filter>头文件</Filter>
    </ClInclude>
    <ClInclude Include="DirectXFullDuplexAudioDevice.h">
      <Filter>头文件</Filter>
    </ClInclude>
    <ClInclude Include="Exception.h">
      <Filter>头文件</Filter>
    </ClInclude>
    <ClInclude Include="Global.h">
      <Filter>头文件</Filter>
    </ClInclude>
    <ClInclude Include="Jitter.h">
      <Filter>头文件</Filter>
    </ClInclude>
    <ClInclude Include="JitterBuffer.h">
      <Filter>头文件</Filter>
    </ClInclude>
    <ClInclude Include="MyTime.h">
      <Filter>头文件</Filter>
    </ClInclude>
    <ClInclude Include="Packet.h">
      <Filter>头文件</Filter>
    </ClInclude>
    <ClInclude Include="Serializer.h">
      <Filter>头文件</Filter>
    </ClInclude>
    <ClInclude Include="SoundCapture.h">
      <Filter>头文件</Filter>
    </ClInclude>
    <ClInclude Include="SoundInterface.h">
      <Filter>头文件</Filter>
    </ClInclude>
    <ClInclude Include="SoundPlay.h">
      <Filter>头文件</Filter>
    </ClInclude>
    <ClInclude Include="SoundRecorder.h">
      <Filter>头文件</Filter>
    </ClInclude>
    <ClInclude Include="SString.h">
      <Filter>头文件</Filter>
    </ClInclude>
    <ClInclude Include="SSystem.h">
      <Filter>头文件</Filter>
    </ClInclude>
    <ClInclude Include="Thread.h">
      <Filter>头文件</Filter>
    </ClInclude>
  </ItemGroup>
  <ItemGroup>
    <ClCompile Include="SoundTestTool.cpp">
      <Filter>源文件</Filter>
    </ClCompile>
    <ClCompile Include="SoundTestToolDlg.cpp">
      <Filter>源文件</Filter>
    </ClCompile>
    <ClCompile Include="stdafx.cpp">
      <Filter>源文件</Filter>
    </ClCompile>
    <ClCompile Include="DirectXFullDuplexAudioDevice.cpp">
      <Filter>源文件</Filter>
    </ClCompile>
    <ClCompile Include="Exception.cpp">
      <Filter>源文件</Filter>
    </ClCompile>
    <ClCompile Include="Global.cpp">
      <Filter>源文件</Filter>
    </ClCompile>
    <ClCompile Include="Jitter.cpp">
      <Filter>源文件</Filter>
    </ClCompile>
    <ClCompile Include="JitterBuffer.cpp">
      <Filter>源文件</Filter>
    </ClCompile>
    <ClCompile Include="MyTime.cpp">
      <Filter>源文件</Filter>
    </ClCompile>
    <ClCompile Include="Packet.cpp">
      <Filter>源文件</Filter>
    </ClCompile>
    <ClCompile Include="Serializer.cpp">
      <Filter>源文件</Filter>
    </ClCompile>
    <ClCompile Include="SoundCapture.cpp">
      <Filter>源文件</Filter>
    </ClCompile>
    <ClCompile Include="SoundInterface.cpp">
      <Filter>源文件</Filter>
    </ClCompile>
    <ClCompile Include="SoundPlay.cpp">
      <Filter>源文件</Filter>
    </ClCompile>
    <ClCompile Include="SoundRecorder.cpp">
      <Filter>源文件</Filter>
    </ClCompile>
    <ClCompile Include="SoundTest.cpp">
      <Filter>源文件</Filter>
    </ClCompile>
    <ClCompile Include="SString.cpp">
      <Filter>源文件</Filter>
    </ClCompile>
    <ClCompile Include="Thread.cpp">
      <Filter>源文件</Filter>
    </ClCompile>
  </ItemGroup>
  <ItemGroup>
    <ResourceCompile Include="SoundTestTool.rc">
      <Filter>资源文件</Filter>
    </ResourceCompile>
  </ItemGroup>
</Project>